{
  "nodes": {
    "home-manager": {
      "inputs": {
        "nixpkgs": [
          "nixpkgs"
        ]
      },
      "locked": {
        "lastModified": 1791293500,
        "narHash": "sha256-3hwJd2/vG/VYV1P/g7oDgdbNsWODhN5F//Od+hPMm2k=",
        "ref": "master",
        "rev": "0e11b7bcba1d74ef8ea10bfdfb1e1a5811a21087",
        "shallow": true,
        "type": "git",
        "url": "https://github.com/nix-community/home-manager"
      },
      "original": {
        "ref": "master",
        "shallow": true,
        "type": "git",
        "url": "https://github.com/nix-community/home-manager"
      }
    },
    "nixpkgs": {
      "locked": {
        "lastModified": 1791048980,
        "narHash": "sha256-u3KCLxsnf1622GdFccg8hmkEIutOZ1h4pvia5ERjIuI=",
        "rev": "a7868a727837f3c09cee2ce0ca671c76b1589fed",
        "type": "tarball",
        "url": "https://releases.nixos.org/nixos/unstable/nixos-26.11pre1084968.a7868a727837/nixexprs.tar.xz"
      },
      "original": {
        "type": "tarball",
        "url": "https://channels.nixos.org/nixos-unstable/nixexprs.tar.xz"
      }
    },
    "root": {
      "inputs": {
        "home-manager": "home-manager",
        "nixpkgs": "nixpkgs"
      }
    }
  },
  "root": "root",
  "version": 7
}
